<Solution>
  <Folder Name="/Solution Items/">
    <File Path=".github/workflows/publish.yml" />
    <File Path="README.md" />
  </Folder>
  <Project Path="SileroVad.Samples/SileroVad.Samples.csproj" />
  <Project Path="SileroVad.Tests/SileroVad.Tests.csproj" />
  <Project Path="SileroVad/SileroVad.csproj" />
</Solution>
